lockfileVersion: 5.4

specifiers:
  '@parcel/plugin': ^2.7.0

dependencies:
  '@parcel/plugin': 2.7.0_@parcel+core@2.7.0

packages:

  /@lezer/common/0.15.12:
    resolution: {integrity: sha512-edfwCxNLnzq5pBA/yaIhwJ3U3Kz8VAUOTRg0hhxaizaI1N+qxV7EXDv/kLCkLeq2RzSFvxexlaj5Mzfn2kY0Ig==}
    dev: false

  /@lezer/lr/0.15.8:
    resolution: {integrity: sha512-bM6oE6VQZ6hIFxDNKk8bKPa14hqFrV07J/vHGOeiAbJReIaQXmkVb6xQu4MR+JBTLa5arGRyAAjJe1qaQt3Uvg==}
    dependencies:
      '@lezer/common': 0.15.12
    dev: false

  /@lmdb/lmdb-darwin-arm64/2.5.2:
    resolution: {integrity: sha512-+F8ioQIUN68B4UFiIBYu0QQvgb9FmlKw2ctQMSBfW2QBrZIxz9vD9jCGqTCPqZBRbPHAS/vG1zSXnKqnS2ch/A==}
    cpu: [arm64]
    os: [darwin]
    requiresBuild: true
    dev: false
    optional: true

  /@lmdb/lmdb-darwin-x64/2.5.2:
    resolution: {integrity: sha512-KvPH56KRLLx4KSfKBx0m1r7GGGUMXm0jrKmNE7plbHlesZMuPJICtn07HYgQhj1LNsK7Yqwuvnqh1QxhJnF1EA==}
    cpu: [x64]
    os: [darwin]
    requiresBuild: true
    dev: false
    optional: true

  /@lmdb/lmdb-linux-arm/2.5.2:
    resolution: {integrity: sha512-5kQAP21hAkfW5Bl+e0P57dV4dGYnkNIpR7f/GAh6QHlgXx+vp/teVj4PGRZaKAvt0GX6++N6hF8NnGElLDuIDw==}
    cpu: [arm]
    os: [linux]
    requiresBuild: true
    dev: false
    optional: true

  /@lmdb/lmdb-linux-arm64/2.5.2:
    resolution: {integrity: sha512-aLl89VHL/wjhievEOlPocoefUyWdvzVrcQ/MHQYZm2JfV1jUsrbr/ZfkPPUFvZBf+VSE+Q0clWs9l29PCX1hTQ==}
    cpu: [arm64]
    os: [linux]
    requiresBuild: true
    dev: false
    optional: true

  /@lmdb/lmdb-linux-x64/2.5.2:
    resolution: {integrity: sha512-xUdUfwDJLGjOUPH3BuPBt0NlIrR7f/QHKgu3GZIXswMMIihAekj2i97oI0iWG5Bok/b+OBjHPfa8IU9velnP/Q==}
    cpu: [x64]
    os: [linux]
    requiresBuild: true
    dev: false
    optional: true

  /@lmdb/lmdb-win32-x64/2.5.2:
    resolution: {integrity: sha512-zrBczSbXKxEyK2ijtbRdICDygRqWSRPpZMN5dD1T8VMEW5RIhIbwFWw2phDRXuBQdVDpSjalCIUMWMV2h3JaZA==}
    cpu: [x64]
    os: [win32]
    requiresBuild: true
    dev: false
    optional: true

  /@mischnic/json-sourcemap/0.1.0:
    resolution: {integrity: sha512-dQb3QnfNqmQNYA4nFSN/uLaByIic58gOXq4Y4XqLOWmOrw73KmJPt/HLyG0wvn1bnR6mBKs/Uwvkh+Hns1T0XA==}
    engines: {node: '>=12.0.0'}
    dependencies:
      '@lezer/common': 0.15.12
      '@lezer/lr': 0.15.8
      json5: 2.2.1
    dev: false

  /@msgpackr-extract/msgpackr-extract-darwin-arm64/2.1.2:
    resolution: {integrity: sha512-TyVLn3S/+ikMDsh0gbKv2YydKClN8HaJDDpONlaZR+LVJmsxLFUgA+O7zu59h9+f9gX1aj/ahw9wqa6rosmrYQ==}
    cpu: [arm64]
    os: [darwin]
    requiresBuild: true
    dev: false
    optional: true

  /@msgpackr-extract/msgpackr-extract-darwin-x64/2.1.2:
    resolution: {integrity: sha512-YPXtcVkhmVNoMGlqp81ZHW4dMxK09msWgnxtsDpSiZwTzUBG2N+No2bsr7WMtBKCVJMSD6mbAl7YhKUqkp/Few==}
    cpu: [x64]
    os: [darwin]
    requiresBuild: true
    dev: false
    optional: true

  /@msgpackr-extract/msgpackr-extract-linux-arm/2.1.2:
    resolution: {integrity: sha512-42R4MAFeIeNn+L98qwxAt360bwzX2Kf0ZQkBBucJ2Ircza3asoY4CDbgiu9VWklq8gWJVSJSJBwDI+c/THiWkA==}
    cpu: [arm]
    os: [linux]
    requiresBuild: true
    dev: false
    optional: true

  /@msgpackr-extract/msgpackr-extract-linux-arm64/2.1.2:
    resolution: {integrity: sha512-vHZ2JiOWF2+DN9lzltGbhtQNzDo8fKFGrf37UJrgqxU0yvtERrzUugnfnX1wmVfFhSsF8OxrfqiNOUc5hko1Zg==}
    cpu: [arm64]
    os: [linux]
    requiresBuild: true
    dev: false
    optional: true

  /@msgpackr-extract/msgpackr-extract-linux-x64/2.1.2:
    resolution: {integrity: sha512-RjRoRxg7Q3kPAdUSC5EUUPlwfMkIVhmaRTIe+cqHbKrGZ4M6TyCA/b5qMaukQ/1CHWrqYY2FbKOAU8Hg0pQFzg==}
    cpu: [x64]
    os: [linux]
    requiresBuild: true
    dev: false
    optional: true

  /@msgpackr-extract/msgpackr-extract-win32-x64/2.1.2:
    resolution: {integrity: sha512-rIZVR48zA8hGkHIK7ED6+ZiXsjRCcAVBJbm8o89OKAMTmEAQ2QvoOxoiu3w2isAaWwzgtQIOFIqHwvZDyLKCvw==}
    cpu: [x64]
    os: [win32]
    requiresBuild: true
    dev: false
    optional: true

  /@parcel/cache/2.7.0_@parcel+core@2.7.0:
    resolution: {integrity: sha512-JlXNoZXcWzLKdDlfeF3dIj5Vtel5T9vtdBN72PJ+cjC4qNHk4Uwvc5sfOBELuibGN0bVu2bwY9nUgSwCiB1iIA==}
    engines: {node: '>= 12.0.0'}
    peerDependencies:
      '@parcel/core': ^2.7.0
    dependencies:
      '@parcel/core': 2.7.0
      '@parcel/fs': 2.7.0_@parcel+core@2.7.0
      '@parcel/logger': 2.7.0
      '@parcel/utils': 2.7.0
      lmdb: 2.5.2
    dev: false

  /@parcel/codeframe/2.7.0:
    resolution: {integrity: sha512-UTKx0jejJmmO1dwTHSJuRgrO8N6PMlkxRT6sew8N6NC3Bgv6pu0EbO+RtlWt/jCvzcdLOPdIoTzj4MMZvgcMYg==}
    engines: {node: '>= 12.0.0'}
    dependencies:
      chalk: 4.1.2
    dev: false

  /@parcel/core/2.7.0:
    resolution: {integrity: sha512-7yKZUdh314Q/kU/9+27ZYTfcnXS6VYHuG+iiUlIohnvUUybxLqVJhdMU9Q+z2QcPka1IdJWz4K4Xx0y6/4goyg==}
    engines: {node: '>= 12.0.0'}
    dependencies:
      '@mischnic/json-sourcemap': 0.1.0
      '@parcel/cache': 2.7.0_@parcel+core@2.7.0
      '@parcel/diagnostic': 2.7.0
      '@parcel/events': 2.7.0
      '@parcel/fs': 2.7.0_@parcel+core@2.7.0
      '@parcel/graph': 2.7.0
      '@parcel/hash': 2.7.0
      '@parcel/logger': 2.7.0
      '@parcel/package-manager': 2.7.0_@parcel+core@2.7.0
      '@parcel/plugin': 2.7.0_@parcel+core@2.7.0
      '@parcel/source-map': 2.1.0
      '@parcel/types': 2.7.0_@parcel+core@2.7.0
      '@parcel/utils': 2.7.0
      '@parcel/workers': 2.7.0_@parcel+core@2.7.0
      abortcontroller-polyfill: 1.7.3
      base-x: 3.0.9
      browserslist: 4.21.3
      clone: 2.1.2
      dotenv: 7.0.0
      dotenv-expand: 5.1.0
      json5: 2.2.1
      msgpackr: 1.6.2
      nullthrows: 1.1.1
      semver: 5.7.1
    dev: false

  /@parcel/diagnostic/2.7.0:
    resolution: {integrity: sha512-pdq/cTwVoL0n8yuDCRXFRSQHVWdmmIXPt3R3iT4KtYDYvOrMT2dLPT79IMqQkhYPANW8GuL15n/WxRngfRdkug==}
    engines: {node: '>= 12.0.0'}
    dependencies:
      '@mischnic/json-sourcemap': 0.1.0
      nullthrows: 1.1.1
    dev: false

  /@parcel/events/2.7.0:
    resolution: {integrity: sha512-kQDwMKgZ1U4M/G17qeDYF6bW5kybluN6ajYPc7mZcrWg+trEI/oXi81GMFaMX0BSUhwhbiN5+/Vb2wiG/Sn6ig==}
    engines: {node: '>= 12.0.0'}
    dev: false

  /@parcel/fs-search/2.7.0:
    resolution: {integrity: sha512-K1Hv25bnRpwQVA15RvcRuB8ZhfclnCHA8N8L6w7Ul1ncSJDxCIkIAc5hAubYNNYW3kWjCC2SOaEgFKnbvMllEQ==}
    engines: {node: '>= 12.0.0'}
    dependencies:
      detect-libc: 1.0.3
    dev: false

  /@parcel/fs/2.7.0_@parcel+core@2.7.0:
    resolution: {integrity: sha512-PU5fo4Hh8y03LZgemgVREttc0wyHQUNmsJCybxTB7EjJie2CqJRumo+DFppArlvdchLwJdc9em03yQV/GNWrEg==}
    engines: {node: '>= 12.0.0'}
    peerDependencies:
      '@parcel/core': ^2.7.0
    dependencies:
      '@parcel/core': 2.7.0
      '@parcel/fs-search': 2.7.0
      '@parcel/types': 2.7.0_@parcel+core@2.7.0
      '@parcel/utils': 2.7.0
      '@parcel/watcher': 2.0.5
      '@parcel/workers': 2.7.0_@parcel+core@2.7.0
    dev: false

  /@parcel/graph/2.7.0:
    resolution: {integrity: sha512-Q6E94GS6q45PtsZh+m+gvFRp/N1Qopxhu2sxjcWsGs5iBd6IWn2oYLWOH5iVzEjWuYpW2HkB08lH6J50O63uOA==}
    engines: {node: '>= 12.0.0'}
    dependencies:
      '@parcel/utils': 2.7.0
      nullthrows: 1.1.1
    dev: false

  /@parcel/hash/2.7.0:
    resolution: {integrity: sha512-k6bSKnIlPJMPU3yjQzfgfvF9zuJZGOAlJgzpL4BbWvdbE8BTdjzLcFn0Ujrtud94EgIkiXd22sC2HpCUWoHGdA==}
    engines: {node: '>= 12.0.0'}
    dependencies:
      detect-libc: 1.0.3
      xxhash-wasm: 0.4.2
    dev: false

  /@parcel/logger/2.7.0:
    resolution: {integrity: sha512-qjMY/bYo38+o+OiIrTRldU9CwL1E7J72t+xkTP8QIcUxLWz5LYR0YbynZUVulmBSfqsykjjxCy4a+8siVr+lPw==}
    engines: {node: '>= 12.0.0'}
    dependencies:
      '@parcel/diagnostic': 2.7.0
      '@parcel/events': 2.7.0
    dev: false

  /@parcel/markdown-ansi/2.7.0:
    resolution: {integrity: sha512-ipOX0D6FVZFEXeb/z8MnTMq2RQEIuaILY90olVIuHEFLHHfOPEn+RK3u13HA1ChF5/9E3cMD79tu6x9JL9Kqag==}
    engines: {node: '>= 12.0.0'}
    dependencies:
      chalk: 4.1.2
    dev: false

  /@parcel/package-manager/2.7.0_@parcel+core@2.7.0:
    resolution: {integrity: sha512-wmfSX1mRrTi8MeA4KrnPk/x7zGUsILCQmTo6lA4gygzAxDbM1pGuyFN8/Kt0y0SFO2lbljARtD/4an5qdotH+Q==}
    engines: {node: '>= 12.0.0'}
    peerDependencies:
      '@parcel/core': ^2.7.0
    dependencies:
      '@parcel/core': 2.7.0
      '@parcel/diagnostic': 2.7.0
      '@parcel/fs': 2.7.0_@parcel+core@2.7.0
      '@parcel/logger': 2.7.0
      '@parcel/types': 2.7.0_@parcel+core@2.7.0
      '@parcel/utils': 2.7.0
      '@parcel/workers': 2.7.0_@parcel+core@2.7.0
      semver: 5.7.1
    dev: false

  /@parcel/plugin/2.7.0_@parcel+core@2.7.0:
    resolution: {integrity: sha512-qqgx+nnMn6/0lRc4lKbLGmhNtBiT93S2gFNB4Eb4Pfz/SxVYoW+fmml+KdfOSiZffWOAH5L6NwhyD7N8aSikzw==}
    engines: {node: '>= 12.0.0'}
    dependencies:
      '@parcel/types': 2.7.0_@parcel+core@2.7.0
    transitivePeerDependencies:
      - '@parcel/core'
    dev: false

  /@parcel/source-map/2.1.0:
    resolution: {integrity: sha512-E7UOEIof2o89LrKk1agSLmwakjigmEdDp1ZaEdsLVEvq63R/bul4Ij5CT+0ZDcijGpl5tnTbQADY9EyYGtjYgQ==}
    engines: {node: ^12.18.3 || >=14}
    dependencies:
      detect-libc: 1.0.3
    dev: false

  /@parcel/types/2.7.0:
    resolution: {integrity: sha512-+dhXVUnseTCpJvBTGMp0V6X13z6O/A/+CUtwEpMGZ8XSmZ4Gk44GvaTiBOp0bJpWG4fvCKp+UmC8PYbrDiiziw==}
    dependencies:
      '@parcel/cache': 2.7.0_@parcel+core@2.7.0
      '@parcel/diagnostic': 2.7.0
      '@parcel/fs': 2.7.0_@parcel+core@2.7.0
      '@parcel/package-manager': 2.7.0_@parcel+core@2.7.0
      '@parcel/source-map': 2.1.0
      '@parcel/workers': 2.7.0_@parcel+core@2.7.0
      utility-types: 3.10.0
    dev: false

  /@parcel/types/2.7.0_@parcel+core@2.7.0:
    resolution: {integrity: sha512-+dhXVUnseTCpJvBTGMp0V6X13z6O/A/+CUtwEpMGZ8XSmZ4Gk44GvaTiBOp0bJpWG4fvCKp+UmC8PYbrDiiziw==}
    dependencies:
      '@parcel/cache': 2.7.0_@parcel+core@2.7.0
      '@parcel/diagnostic': 2.7.0
      '@parcel/fs': 2.7.0_@parcel+core@2.7.0
      '@parcel/package-manager': 2.7.0_@parcel+core@2.7.0
      '@parcel/source-map': 2.1.0
      '@parcel/workers': 2.7.0_@parcel+core@2.7.0
      utility-types: 3.10.0
    transitivePeerDependencies:
      - '@parcel/core'
    dev: false

  /@parcel/utils/2.7.0:
    resolution: {integrity: sha512-jNZ5bIGg1r1RDRKi562o4kuVwnz+XJ2Ie3b0Zwrqwvgfj6AbRFIKzDd+h85dWWmcDYzKUbHp11u6VJl1u8Vapg==}
    engines: {node: '>= 12.0.0'}
    dependencies:
      '@parcel/codeframe': 2.7.0
      '@parcel/diagnostic': 2.7.0
      '@parcel/hash': 2.7.0
      '@parcel/logger': 2.7.0
      '@parcel/markdown-ansi': 2.7.0
      '@parcel/source-map': 2.1.0
      chalk: 4.1.2
    dev: false

  /@parcel/watcher/2.0.5:
    resolution: {integrity: sha512-x0hUbjv891omnkcHD7ZOhiyyUqUUR6MNjq89JhEI3BxppeKWAm6NPQsqqRrAkCJBogdT/o/My21sXtTI9rJIsw==}
    engines: {node: '>= 10.0.0'}
    requiresBuild: true
    dependencies:
      node-addon-api: 3.2.1
      node-gyp-build: 4.5.0
    dev: false

  /@parcel/workers/2.7.0_@parcel+core@2.7.0:
    resolution: {integrity: sha512-99VfaOX+89+RaoTSyH9ZQtkMBFZBFMvJmVJ/GeJT6QCd2wtKBStTHlaSnQOkLD/iRjJCNwV2xpZmm8YkTwV+hg==}
    engines: {node: '>= 12.0.0'}
    peerDependencies:
      '@parcel/core': ^2.7.0
    dependencies:
      '@parcel/core': 2.7.0
      '@parcel/diagnostic': 2.7.0
      '@parcel/logger': 2.7.0
      '@parcel/types': 2.7.0
      '@parcel/utils': 2.7.0
      chrome-trace-event: 1.0.3
      nullthrows: 1.1.1
    dev: false

  /abortcontroller-polyfill/1.7.3:
    resolution: {integrity: sha512-zetDJxd89y3X99Kvo4qFx8GKlt6GsvN3UcRZHwU6iFA/0KiOmhkTVhe8oRoTBiTVPZu09x3vCra47+w8Yz1+2Q==}
    dev: false

  /ansi-styles/4.3.0:
    resolution: {integrity: sha512-zbB9rCJAT1rbjiVDb2hqKFHNYLxgtk8NURxZ3IZwD3F6NtxbXZQCnnSi1Lkx+IDohdPlFp222wVALIheZJQSEg==}
    engines: {node: '>=8'}
    dependencies:
      color-convert: 2.0.1
    dev: false

  /base-x/3.0.9:
    resolution: {integrity: sha512-H7JU6iBHTal1gp56aKoaa//YUxEaAOUiydvrV/pILqIHXTtqxSkATOnDA2u+jZ/61sD+L/412+7kzXRtWukhpQ==}
    dependencies:
      safe-buffer: 5.2.1
    dev: false

  /browserslist/4.21.3:
    resolution: {integrity: sha512-898rgRXLAyRkM1GryrrBHGkqA5hlpkV5MhtZwg9QXeiyLUYs2k00Un05aX5l2/yJIOObYKOpS2JNo8nJDE7fWQ==}
    engines: {node: ^6 || ^7 || ^8 || ^9 || ^10 || ^11 || ^12 || >=13.7}
    hasBin: true
    dependencies:
      caniuse-lite: 1.0.30001376
      electron-to-chromium: 1.4.219
      node-releases: 2.0.6
      update-browserslist-db: 1.0.5_browserslist@4.21.3
    dev: false

  /caniuse-lite/1.0.30001376:
    resolution: {integrity: sha512-I27WhtOQ3X3v3it9gNs/oTpoE5KpwmqKR5oKPA8M0G7uMXh9Ty81Q904HpKUrM30ei7zfcL5jE7AXefgbOfMig==}
    dev: false

  /chalk/4.1.2:
    resolution: {integrity: sha512-oKnbhFyRIXpUuez8iBMmyEa4nbj4IOQyuhc/wy9kY7/WVPcwIO9VA668Pu8RkO7+0G76SLROeyw9CpQ061i4mA==}
    engines: {node: '>=10'}
    dependencies:
      ansi-styles: 4.3.0
      supports-color: 7.2.0
    dev: false

  /chrome-trace-event/1.0.3:
    resolution: {integrity: sha512-p3KULyQg4S7NIHixdwbGX+nFHkoBiA4YQmyWtjb8XngSKV124nJmRysgAeujbUVb15vh+RvFUfCPqU7rXk+hZg==}
    engines: {node: '>=6.0'}
    dev: false

  /clone/2.1.2:
    resolution: {integrity: sha512-3Pe/CF1Nn94hyhIYpjtiLhdCoEoz0DqQ+988E9gmeEdQZlojxnOb74wctFyuwWQHzqyf9X7C7MG8juUpqBJT8w==}
    engines: {node: '>=0.8'}
    dev: false

  /color-convert/2.0.1:
    resolution: {integrity: sha512-RRECPsj7iu/xb5oKYcsFHSppFNnsj/52OVTRKb4zP5onXwVF3zVmmToNcOfGC+CRDpfK/U584fMg38ZHCaElKQ==}
    engines: {node: '>=7.0.0'}
    dependencies:
      color-name: 1.1.4
    dev: false

  /color-name/1.1.4:
    resolution: {integrity: sha512-dOy+3AuW3a2wNbZHIuMZpTcgjGuLU/uBL/ubcZF9OXbDo8ff4O8yVp5Bf0efS8uEoYo5q4Fx7dY9OgQGXgAsQA==}
    dev: false

  /detect-libc/1.0.3:
    resolution: {integrity: sha512-pGjwhsmsp4kL2RTz08wcOlGN83otlqHeD/Z5T8GXZB+/YcpQ/dgo+lbU8ZsGxV0HIvqqxo9l7mqYwyYMD9bKDg==}
    engines: {node: '>=0.10'}
    hasBin: true
    dev: false

  /dotenv-expand/5.1.0:
    resolution: {integrity: sha512-YXQl1DSa4/PQyRfgrv6aoNjhasp/p4qs9FjJ4q4cQk+8m4r6k4ZSiEyytKG8f8W9gi8WsQtIObNmKd+tMzNTmA==}
    dev: false

  /dotenv/7.0.0:
    resolution: {integrity: sha512-M3NhsLbV1i6HuGzBUH8vXrtxOk+tWmzWKDMbAVSUp3Zsjm7ywFeuwrUXhmhQyRK1q5B5GGy7hcXPbj3bnfZg2g==}
    engines: {node: '>=6'}
    dev: false

  /electron-to-chromium/1.4.219:
    resolution: {integrity: sha512-zoQJsXOUw0ZA0YxbjkmzBumAJRtr6je5JySuL/bAoFs0DuLiLJ+5FzRF7/ZayihxR2QcewlRZVm5QZdUhwjOgA==}
    dev: false

  /escalade/3.1.1:
    resolution: {integrity: sha512-k0er2gUkLf8O0zKJiAhmkTnJlTvINGv7ygDNPbeIsX/TJjGJZHuh9B2UxbsaEkmlEo9MfhrSzmhIlhRlI2GXnw==}
    engines: {node: '>=6'}
    dev: false

  /has-flag/4.0.0:
    resolution: {integrity: sha512-EykJT/Q1KjTWctppgIAgfSO0tKVuZUjhgMr17kqTumMl6Afv3EISleU7qZUzoXDFTAHTDC4NOoG/ZxU3EvlMPQ==}
    engines: {node: '>=8'}
    dev: false

  /json5/2.2.1:
    resolution: {integrity: sha512-1hqLFMSrGHRHxav9q9gNjJ5EXznIxGVO09xQRrwplcS8qs28pZ8s8hupZAmqDwZUmVZ2Qb2jnyPOWcDH8m8dlA==}
    engines: {node: '>=6'}
    hasBin: true
    dev: false

  /lmdb/2.5.2:
    resolution: {integrity: sha512-V5V5Xa2Hp9i2XsbDALkBTeHXnBXh/lEmk9p22zdr7jtuOIY9TGhjK6vAvTpOOx9IKU4hJkRWZxn/HsvR1ELLtA==}
    requiresBuild: true
    dependencies:
      msgpackr: 1.6.2
      node-addon-api: 4.3.0
      node-gyp-build-optional-packages: 5.0.3
      ordered-binary: 1.3.0
      weak-lru-cache: 1.2.2
    optionalDependencies:
      '@lmdb/lmdb-darwin-arm64': 2.5.2
      '@lmdb/lmdb-darwin-x64': 2.5.2
      '@lmdb/lmdb-linux-arm': 2.5.2
      '@lmdb/lmdb-linux-arm64': 2.5.2
      '@lmdb/lmdb-linux-x64': 2.5.2
      '@lmdb/lmdb-win32-x64': 2.5.2
    dev: false

  /msgpackr-extract/2.1.2:
    resolution: {integrity: sha512-cmrmERQFb19NX2JABOGtrKdHMyI6RUyceaPBQ2iRz9GnDkjBWFjNJC0jyyoOfZl2U/LZE3tQCCQc4dlRyA8mcA==}
    hasBin: true
    requiresBuild: true
    dependencies:
      node-gyp-build-optional-packages: 5.0.3
    optionalDependencies:
      '@msgpackr-extract/msgpackr-extract-darwin-arm64': 2.1.2
      '@msgpackr-extract/msgpackr-extract-darwin-x64': 2.1.2
      '@msgpackr-extract/msgpackr-extract-linux-arm': 2.1.2
      '@msgpackr-extract/msgpackr-extract-linux-arm64': 2.1.2
      '@msgpackr-extract/msgpackr-extract-linux-x64': 2.1.2
      '@msgpackr-extract/msgpackr-extract-win32-x64': 2.1.2
    dev: false
    optional: true

  /msgpackr/1.6.2:
    resolution: {integrity: sha512-bqSQ0DYJbXbrJcrZFmMygUZmqQiDfI2ewFVWcrZY12w5XHWtPuW4WppDT/e63Uu311ajwkRRXSoF0uILroBeTA==}
    optionalDependencies:
      msgpackr-extract: 2.1.2
    dev: false

  /node-addon-api/3.2.1:
    resolution: {integrity: sha512-mmcei9JghVNDYydghQmeDX8KoAm0FAiYyIcUt/N4nhyAipB17pllZQDOJD2fotxABnt4Mdz+dKTO7eftLg4d0A==}
    dev: false

  /node-addon-api/4.3.0:
    resolution: {integrity: sha512-73sE9+3UaLYYFmDsFZnqCInzPyh3MqIwZO9cw58yIqAZhONrrabrYyYe3TuIqtIiOuTXVhsGau8hcrhhwSsDIQ==}
    dev: false

  /node-gyp-build-optional-packages/5.0.3:
    resolution: {integrity: sha512-k75jcVzk5wnnc/FMxsf4udAoTEUv2jY3ycfdSd3yWu6Cnd1oee6/CfZJApyscA4FJOmdoixWwiwOyf16RzD5JA==}
    hasBin: true
    dev: false

  /node-gyp-build/4.5.0:
    resolution: {integrity: sha512-2iGbaQBV+ITgCz76ZEjmhUKAKVf7xfY1sRl4UiKQspfZMH2h06SyhNsnSVy50cwkFQDGLyif6m/6uFXHkOZ6rg==}
    hasBin: true
    dev: false

  /node-releases/2.0.6:
    resolution: {integrity: sha512-PiVXnNuFm5+iYkLBNeq5211hvO38y63T0i2KKh2KnUs3RpzJ+JtODFjkD8yjLwnDkTYF1eKXheUwdssR+NRZdg==}
    dev: false

  /nullthrows/1.1.1:
    resolution: {integrity: sha512-2vPPEi+Z7WqML2jZYddDIfy5Dqb0r2fze2zTxNNknZaFpVHU3mFB3R+DWeJWGVx0ecvttSGlJTI+WG+8Z4cDWw==}
    dev: false

  /ordered-binary/1.3.0:
    resolution: {integrity: sha512-knIeYepTI6BDAzGxqFEDGtI/iGqs57H32CInAIxEvAHG46vk1Di0CEpyc1A7iY39B1mfik3g3KLYwOTNnnMHLA==}
    dev: false

  /picocolors/1.0.0:
    resolution: {integrity: sha512-1fygroTLlHu66zi26VoTDv8yRgm0Fccecssto+MhsZ0D/DGW2sm8E8AjW7NU5VVTRt5GxbeZ5qBuJr+HyLYkjQ==}
    dev: false

  /safe-buffer/5.2.1:
    resolution: {integrity: sha512-rp3So07KcdmmKbGvgaNxQSJr7bGVSVk5S9Eq1F+ppbRo70+YeaDxkw5Dd8NPN+GD6bjnYm2VuPuCXmpuYvmCXQ==}
    dev: false

  /semver/5.7.1:
    resolution: {integrity: sha512-sauaDf/PZdVgrLTNYHRtpXa1iRiKcaebiKQ1BJdpQlWH2lCvexQdX55snPFyK7QzpudqbCI0qXFfOasHdyNDGQ==}
    hasBin: true
    dev: false

  /supports-color/7.2.0:
    resolution: {integrity: sha512-qpCAvRl9stuOHveKsn7HncJRvv501qIacKzQlO/+Lwxc9+0q2wLyv4Dfvt80/DPn2pqOBsJdDiogXGR9+OvwRw==}
    engines: {node: '>=8'}
    dependencies:
      has-flag: 4.0.0
    dev: false

  /update-browserslist-db/1.0.5_browserslist@4.21.3:
    resolution: {integrity: sha512-dteFFpCyvuDdr9S/ff1ISkKt/9YZxKjI9WlRR99c180GaztJtRa/fn18FdxGVKVsnPY7/a/FDN68mcvUmP4U7Q==}
    hasBin: true
    peerDependencies:
      browserslist: '>= 4.21.0'
    dependencies:
      browserslist: 4.21.3
      escalade: 3.1.1
      picocolors: 1.0.0
    dev: false

  /utility-types/3.10.0:
    resolution: {integrity: sha512-O11mqxmi7wMKCo6HKFt5AhO4BwY3VV68YU07tgxfz8zJTIxr4BpsezN49Ffwy9j3ZpwwJp4fkRwjRzq3uWE6Rg==}
    engines: {node: '>= 4'}
    dev: false

  /weak-lru-cache/1.2.2:
    resolution: {integrity: sha512-DEAoo25RfSYMuTGc9vPJzZcZullwIqRDSI9LOy+fkCJPi6hykCnfKaXTuPBDuXAUcqHXyOgFtHNp/kB2FjYHbw==}
    dev: false

  /xxhash-wasm/0.4.2:
    resolution: {integrity: sha512-/eyHVRJQCirEkSZ1agRSCwriMhwlyUcFkXD5TPVSLP+IPzjsqMVzZwdoczLp1SoQU0R3dxz1RpIK+4YNQbCVOA==}
    dev: false
